<?xml version="1.0" encoding="UTF-8"?>
<CONFIG>
  <ProjectOptions>
    <Version Value="12"/>
    <PathDelim Value="\"/>
    <General>
      <Flags>
        <MainUnitHasCreateFormStatements Value="False"/>
        <MainUnitHasTitleStatement Value="False"/>
        <MainUnitHasScaledStatement Value="False"/>
      </Flags>
      <SessionStorage Value="InProjectDir"/>
      <Title Value="jupiter_notepad_plugin"/>
      <UseAppBundle Value="False"/>
      <ResourceType Value="res"/>
    </General>
    <VersionInfo>
      <UseVersionInfo Value="True"/>
      <MajorVersionNr Value="1"/>
      <BuildNr Value="1"/>
      <Language Value="0416"/>
      <CharSet Value="04B0"/>
    </VersionInfo>
    <BuildModes>
      <Item Name="Default" Default="True"/>
    </BuildModes>
    <PublishOptions>
      <Version Value="2"/>
      <UseFileFilters Value="True"/>
    </PublishOptions>
    <RunParams>
      <FormatVersion Value="2"/>
    </RunParams>
    <RequiredPackages>
      <Item>
        <PackageName Value="SynEdit"/>
      </Item>
      <Item>
        <PackageName Value="pascalscriptfcl"/>
      </Item>
      <Item>
        <PackageName Value="pascalscript"/>
      </Item>
      <Item>
        <PackageName Value="jupiterCommom"/>
      </Item>
      <Item>
        <PackageName Value="LCL"/>
      </Item>
    </RequiredPackages>
    <Units>
      <Unit>
        <Filename Value="jupiter_notepad_plugin.lpr"/>
        <IsPartOfProject Value="True"/>
      </Unit>
      <Unit>
        <Filename Value="lib\nppplugin.pas"/>
        <IsPartOfProject Value="True"/>
      </Unit>
      <Unit>
        <Filename Value="lib\SciSupport.pas"/>
        <IsPartOfProject Value="True"/>
        <UnitName Value="scisupport"/>
      </Unit>
      <Unit>
        <Filename Value="lib\NppForms.pas"/>
        <IsPartOfProject Value="True"/>
        <ComponentName Value="NppForm"/>
        <HasResources Value="True"/>
        <ResourceBaseClass Value="Form"/>
      </Unit>
      <Unit>
        <Filename Value="lib\NppDockingForms.pas"/>
        <IsPartOfProject Value="True"/>
        <ComponentName Value="NppDockingForm"/>
        <HasResources Value="True"/>
        <ResourceBaseClass Value="Form"/>
      </Unit>
      <Unit>
        <Filename Value="commons\jupiter_plugin.pas"/>
        <IsPartOfProject Value="True"/>
      </Unit>
      <Unit>
        <Filename Value="..\Commons\jupitervariable.pas"/>
        <IsPartOfProject Value="True"/>
        <UnitName Value="JupiterVariable"/>
      </Unit>
      <Unit>
        <Filename Value="..\Commons\jupiterobject.pas"/>
        <IsPartOfProject Value="True"/>
        <UnitName Value="JupiterObject"/>
      </Unit>
      <Unit>
        <Filename Value="..\Commons\jupiterconsts.pas"/>
        <IsPartOfProject Value="True"/>
        <UnitName Value="JupiterConsts"/>
      </Unit>
      <Unit>
        <Filename Value="..\Commons\jupiterdialogform.pas"/>
        <IsPartOfProject Value="True"/>
        <UnitName Value="JupiterDialogForm"/>
      </Unit>
      <Unit>
        <Filename Value="..\Commons\jupiterapp.pas"/>
        <IsPartOfProject Value="True"/>
        <UnitName Value="JupiterApp"/>
      </Unit>
      <Unit>
        <Filename Value="..\Modules\jupiterstandardmodule.pas"/>
        <IsPartOfProject Value="True"/>
        <UnitName Value="JupiterStandardModule"/>
      </Unit>
      <Unit>
        <Filename Value="..\forms\ucustomjupiterform.pas"/>
        <IsPartOfProject Value="True"/>
        <ComponentName Value="FCustomJupiterForm"/>
        <HasResources Value="True"/>
        <ResourceBaseClass Value="Form"/>
        <UnitName Value="uCustomJupiterForm"/>
      </Unit>
      <Unit>
        <Filename Value="..\data\udm.pas"/>
        <IsPartOfProject Value="True"/>
        <HasResources Value="True"/>
      </Unit>
      <Unit>
        <Filename Value="forms\upluginconfig.pas"/>
        <IsPartOfProject Value="True"/>
        <ComponentName Value="FPluginConfig"/>
        <HasResources Value="True"/>
        <ResourceBaseClass Value="Form"/>
        <UnitName Value="uPluginConfig"/>
      </Unit>
      <Unit>
        <Filename Value="forms\ucurrenttaskplugin.pas"/>
        <IsPartOfProject Value="True"/>
        <ComponentName Value="FCurrentTaskPlugin"/>
        <HasResources Value="True"/>
        <ResourceBaseClass Value="Form"/>
        <UnitName Value="ucurrentTaskPlugin"/>
      </Unit>
    </Units>
  </ProjectOptions>
  <CompilerOptions>
    <Version Value="11"/>
    <PathDelim Value="\"/>
    <Target>
      <Filename Value="../out/jupiter_notepad_plugin"/>
    </Target>
    <SearchPaths>
      <IncludeFiles Value="$(ProjOutDir)"/>
      <OtherUnitFiles Value="lib;commons;..\Commons;..\Modules;..\forms;..\data;forms"/>
      <UnitOutputDirectory Value="lib\$(TargetCPU)-$(TargetOS)"/>
    </SearchPaths>
    <Parsing>
      <SyntaxOptions>
        <SyntaxMode Value="fpc"/>
        <UseAnsiStrings Value="False"/>
      </SyntaxOptions>
    </Parsing>
    <CodeGeneration>
      <RelocatableUnit Value="True"/>
    </CodeGeneration>
    <Linking>
      <Options>
        <ExecutableType Value="Library"/>
      </Options>
    </Linking>
  </CompilerOptions>
  <Debugging>
    <Exceptions>
      <Item>
        <Name Value="EAbort"/>
      </Item>
      <Item>
        <Name Value="ECodetoolError"/>
      </Item>
      <Item>
        <Name Value="EFOpenError"/>
      </Item>
    </Exceptions>
  </Debugging>
</CONFIG>
