<?xml version="1.0" encoding="UTF-8"?>
<CONFIG>
  <ProjectOptions>
    <Version Value="12"/>
    <PathDelim Value="\"/>
    <General>
      <SessionStorage Value="InProjectDir"/>
      <Title Value="Jupiter"/>
      <Scaled Value="True"/>
      <ResourceType Value="res"/>
      <UseXPManifest Value="True"/>
      <XPManifest>
        <DpiAware Value="True"/>
        <ExecutionLevel Value="requireAdministrator"/>
        <TextDesc Value="Hub de Aplicações Jupiter"/>
      </XPManifest>
      <Icon Value="0"/>
    </General>
    <VersionInfo>
      <UseVersionInfo Value="True"/>
      <MajorVersionNr Value="2"/>
      <MinorVersionNr Value="2"/>
      <RevisionNr Value="2"/>
      <BuildNr Value="2"/>
      <Language Value="0416"/>
      <StringTable CompanyName="Jupiter Studios" FileDescription="Jupiter" InternalName="Jupiter" ProductName="Jupiter"/>
    </VersionInfo>
    <BuildModes>
      <Item Name="Default" Default="True"/>
    </BuildModes>
    <PublishOptions>
      <Version Value="2"/>
      <UseFileFilters Value="True"/>
    </PublishOptions>
    <RunParams>
      <FormatVersion Value="2"/>
    </RunParams>
    <RequiredPackages>
      <Item>
        <PackageName Value="WebView4Delphi"/>
      </Item>
      <Item>
        <PackageName Value="TurboPowerIPro"/>
      </Item>
      <Item>
        <PackageName Value="jupiterCommom"/>
      </Item>
      <Item>
        <PackageName Value="FCL"/>
      </Item>
      <Item>
        <PackageName Value="SynEdit"/>
      </Item>
      <Item>
        <PackageName Value="pascalscript"/>
      </Item>
      <Item>
        <PackageName Value="LCL"/>
      </Item>
    </RequiredPackages>
    <Units>
      <Unit>
        <Filename Value="jupiter.lpr"/>
        <IsPartOfProject Value="True"/>
      </Unit>
      <Unit>
        <Filename Value="forms\umain.pas"/>
        <IsPartOfProject Value="True"/>
        <ComponentName Value="FMain"/>
        <HasResources Value="True"/>
        <ResourceBaseClass Value="Form"/>
        <UnitName Value="uMain"/>
      </Unit>
      <Unit>
        <Filename Value="Commons\jupiterconsts.pas"/>
        <IsPartOfProject Value="True"/>
        <UnitName Value="JupiterConsts"/>
      </Unit>
      <Unit>
        <Filename Value="Commons\jupiterobject.pas"/>
        <IsPartOfProject Value="True"/>
        <UnitName Value="JupiterObject"/>
      </Unit>
      <Unit>
        <Filename Value="Commons\jupiterroute.pas"/>
        <IsPartOfProject Value="True"/>
        <UnitName Value="JupiterRoute"/>
      </Unit>
      <Unit>
        <Filename Value="Commons\jupitervariable.pas"/>
        <IsPartOfProject Value="True"/>
        <UnitName Value="JupiterVariable"/>
      </Unit>
      <Unit>
        <Filename Value="Commons\jupiterrunnable.pas"/>
        <IsPartOfProject Value="True"/>
        <UnitName Value="JupiterRunnable"/>
      </Unit>
      <Unit>
        <Filename Value="Commons\jupiteraction.pas"/>
        <IsPartOfProject Value="True"/>
        <UnitName Value="JupiterAction"/>
      </Unit>
      <Unit>
        <Filename Value="Commons\jupiterform.pas"/>
        <IsPartOfProject Value="True"/>
        <ComponentName Value="FJupiterForm"/>
        <HasResources Value="True"/>
        <ResourceBaseClass Value="Form"/>
        <UnitName Value="JupiterForm"/>
      </Unit>
      <Unit>
        <Filename Value="Commons\jupitermodule.pas"/>
        <IsPartOfProject Value="True"/>
        <UnitName Value="JupiterModule"/>
      </Unit>
      <Unit>
        <Filename Value="Commons\jupiterapp.pas"/>
        <IsPartOfProject Value="True"/>
        <UnitName Value="JupiterApp"/>
      </Unit>
      <Unit>
        <Filename Value="Modules\jupitertoolsmodule.pas"/>
        <IsPartOfProject Value="True"/>
        <UnitName Value="JupiterToolsModule"/>
      </Unit>
      <Unit>
        <Filename Value="forms\uhome.pas"/>
        <IsPartOfProject Value="True"/>
        <ComponentName Value="FHome"/>
        <HasResources Value="True"/>
        <ResourceBaseClass Value="Form"/>
        <UnitName Value="uHome"/>
      </Unit>
      <Unit>
        <Filename Value="forms\uexplorer.pas"/>
        <IsPartOfProject Value="True"/>
        <ComponentName Value="FExplorer"/>
        <HasResources Value="True"/>
        <ResourceBaseClass Value="Form"/>
        <UnitName Value="uExplorer"/>
      </Unit>
      <Unit>
        <Filename Value="Modules\jupitergeneratormodule.pas"/>
        <IsPartOfProject Value="True"/>
        <UnitName Value="JupiterGeneratorModule"/>
      </Unit>
      <Unit>
        <Filename Value="Modules\jupiterstandardmodule.pas"/>
        <IsPartOfProject Value="True"/>
        <UnitName Value="JupiterStandardModule"/>
      </Unit>
      <Unit>
        <Filename Value="forms\ucustomjupiterform.pas"/>
        <IsPartOfProject Value="True"/>
        <ComponentName Value="FCustomJupiterForm"/>
        <HasResources Value="True"/>
        <ResourceBaseClass Value="Form"/>
        <UnitName Value="uCustomJupiterForm"/>
      </Unit>
      <Unit>
        <Filename Value="forms\unewtask.pas"/>
        <IsPartOfProject Value="True"/>
        <ComponentName Value="FNewTask"/>
        <HasResources Value="True"/>
        <ResourceBaseClass Value="Form"/>
        <UnitName Value="uNewTask"/>
      </Unit>
      <Unit>
        <Filename Value="Commons\jupiterdataprovider.pas"/>
        <IsPartOfProject Value="True"/>
        <UnitName Value="JupiterDataProvider"/>
      </Unit>
      <Unit>
        <Filename Value="Commons\jupiterfiledataprovider.pas"/>
        <IsPartOfProject Value="True"/>
        <UnitName Value="JupiterFileDataProvider"/>
      </Unit>
      <Unit>
        <Filename Value="Commons\jupiterdirectorydataprovider.pas"/>
        <IsPartOfProject Value="True"/>
        <UnitName Value="JupiterDirectoryDataProvider"/>
      </Unit>
      <Unit>
        <Filename Value="Commons\jupitercsvdataprovider.pas"/>
        <IsPartOfProject Value="True"/>
        <UnitName Value="JupiterCSVDataProvider"/>
      </Unit>
      <Unit>
        <Filename Value="forms\uconfig.pas"/>
        <IsPartOfProject Value="True"/>
        <ComponentName Value="FConfig"/>
        <HasResources Value="True"/>
        <ResourceBaseClass Value="Form"/>
        <UnitName Value="uConfig"/>
      </Unit>
      <Unit>
        <Filename Value="Commons\jupiterenviroment.pas"/>
        <IsPartOfProject Value="True"/>
        <UnitName Value="JupiterEnviroment"/>
      </Unit>
      <Unit>
        <Filename Value="Commons\jupiterformgenerator.pas"/>
        <IsPartOfProject Value="True"/>
        <UnitName Value="JupiterFormGenerator"/>
      </Unit>
      <Unit>
        <Filename Value="Commons\jupiterformfield.pas"/>
        <IsPartOfProject Value="True"/>
        <UnitName Value="JupiterFormField"/>
      </Unit>
      <Unit>
        <Filename Value="Commons\jupitervariableform.pas"/>
        <IsPartOfProject Value="True"/>
        <UnitName Value="JupiterVariableForm"/>
      </Unit>
      <Unit>
        <Filename Value="Commons\jupiterdialogform.pas"/>
        <IsPartOfProject Value="True"/>
        <UnitName Value="JupiterDialogForm"/>
      </Unit>
      <Unit>
        <Filename Value="forms\ucurrenttask.pas"/>
        <IsPartOfProject Value="True"/>
        <ComponentName Value="FCurrentTask"/>
        <HasResources Value="True"/>
        <ResourceBaseClass Value="Form"/>
        <UnitName Value="uCurrentTask"/>
      </Unit>
      <Unit>
        <Filename Value="Commons\jupitertasksdataprovider.pas"/>
        <IsPartOfProject Value="True"/>
        <UnitName Value="JupiterTasksDataProvider"/>
      </Unit>
      <Unit>
        <Filename Value="Commons\jupitertasktimesdataprovider.pas"/>
        <IsPartOfProject Value="True"/>
        <UnitName Value="JupiterTaskTimesDataProvider"/>
      </Unit>
      <Unit>
        <Filename Value="forms\ueditor.pas"/>
        <IsPartOfProject Value="True"/>
        <ComponentName Value="FEditor"/>
        <HasResources Value="True"/>
        <ResourceBaseClass Value="Form"/>
        <UnitName Value="uEditor"/>
      </Unit>
      <Unit>
        <Filename Value="forms\ugenerator.pas"/>
        <IsPartOfProject Value="True"/>
        <ComponentName Value="FGenerator"/>
        <HasResources Value="True"/>
        <ResourceBaseClass Value="Form"/>
        <UnitName Value="uGenerator"/>
      </Unit>
      <Unit>
        <Filename Value="forms\umessage.pas"/>
        <IsPartOfProject Value="True"/>
        <ComponentName Value="FMessage"/>
        <HasResources Value="True"/>
        <ResourceBaseClass Value="Form"/>
        <UnitName Value="uMessage"/>
      </Unit>
      <Unit>
        <Filename Value="Commons\jupitersystemmessage.pas"/>
        <IsPartOfProject Value="True"/>
        <UnitName Value="JupiterSystemMessage"/>
      </Unit>
      <Unit>
        <Filename Value="Commons\jupitergeneratorform.pas"/>
        <IsPartOfProject Value="True"/>
        <UnitName Value="JupiterGeneratorForm"/>
      </Unit>
      <Unit>
        <Filename Value="Commons\jupiterxmldataprovider.pas"/>
        <IsPartOfProject Value="True"/>
        <UnitName Value="JupiterXMLDataProvider"/>
      </Unit>
      <Unit>
        <Filename Value="forms\unewaction.pas"/>
        <IsPartOfProject Value="True"/>
        <ComponentName Value="FNewAction"/>
        <HasResources Value="True"/>
        <ResourceBaseClass Value="Form"/>
        <UnitName Value="uNewAction"/>
      </Unit>
      <Unit>
        <Filename Value="forms\unewfield.pas"/>
        <IsPartOfProject Value="True"/>
        <ComponentName Value="FNewField"/>
        <HasResources Value="True"/>
        <ResourceBaseClass Value="Form"/>
        <UnitName Value="uNewField"/>
      </Unit>
      <Unit>
        <Filename Value="Commons\jupitergeneratormenuitem.pas"/>
        <IsPartOfProject Value="True"/>
        <UnitName Value="JupiterGeneratorMenuItem"/>
      </Unit>
      <Unit>
        <Filename Value="Commons\jupiterformutils.pas"/>
        <IsPartOfProject Value="True"/>
      </Unit>
      <Unit>
        <Filename Value="forms\unewparam.pas"/>
        <IsPartOfProject Value="True"/>
        <ComponentName Value="FNewParam"/>
        <HasResources Value="True"/>
        <ResourceBaseClass Value="Form"/>
        <UnitName Value="uNewParam"/>
      </Unit>
      <Unit>
        <Filename Value="Commons\jupitervariabledataprovider.pas"/>
        <IsPartOfProject Value="True"/>
        <UnitName Value="JupiterVariableDataProvider"/>
      </Unit>
      <Unit>
        <Filename Value="forms\unewdataset.pas"/>
        <IsPartOfProject Value="True"/>
        <ComponentName Value="FNewDataSet"/>
        <HasResources Value="True"/>
        <ResourceBaseClass Value="Form"/>
        <UnitName Value="uNewDataSet"/>
      </Unit>
      <Unit>
        <Filename Value="Commons\jupiterscript.pas"/>
        <IsPartOfProject Value="True"/>
        <UnitName Value="jupiterScript"/>
      </Unit>
      <Unit>
        <Filename Value="forms\uscripteditor.pas"/>
        <IsPartOfProject Value="True"/>
        <ComponentName Value="FScriptEditor"/>
        <HasResources Value="True"/>
        <ResourceBaseClass Value="Form"/>
        <UnitName Value="uScriptEditor"/>
      </Unit>
      <Unit>
        <Filename Value="Commons\jupiterscriptfunctions.pas"/>
        <IsPartOfProject Value="True"/>
        <UnitName Value="jupiterScriptFunctions"/>
      </Unit>
      <Unit>
        <Filename Value="forms\udynamicrecord.pas"/>
        <IsPartOfProject Value="True"/>
        <ComponentName Value="FDynamicRecord"/>
        <HasResources Value="True"/>
        <ResourceBaseClass Value="Form"/>
        <UnitName Value="uDynamicRecord"/>
      </Unit>
      <Unit>
        <Filename Value="Commons\jupiterthread.pas"/>
        <IsPartOfProject Value="True"/>
        <UnitName Value="jupiterThread"/>
      </Unit>
      <Unit>
        <Filename Value="forms\uprocessmonitor.pas"/>
        <IsPartOfProject Value="True"/>
        <ComponentName Value="FProcessMonitor"/>
        <HasResources Value="True"/>
        <ResourceBaseClass Value="Form"/>
        <UnitName Value="uProcessMonitor"/>
      </Unit>
      <Unit>
        <Filename Value="Commons\jupiterstream.pas"/>
        <IsPartOfProject Value="True"/>
        <UnitName Value="jupiterStream"/>
      </Unit>
      <Unit>
        <Filename Value="forms\uprompt.pas"/>
        <IsPartOfProject Value="True"/>
        <ComponentName Value="FPrompt"/>
        <HasResources Value="True"/>
        <ResourceBaseClass Value="Form"/>
        <UnitName Value="uPrompt"/>
      </Unit>
      <Unit>
        <Filename Value="forms\ulayoutbuilder.pas"/>
        <IsPartOfProject Value="True"/>
        <ComponentName Value="FLayoutBuilder"/>
        <HasResources Value="True"/>
        <ResourceBaseClass Value="Form"/>
      </Unit>
      <Unit>
        <Filename Value="Modules\jupiterclimodule.pas"/>
        <IsPartOfProject Value="True"/>
      </Unit>
      <Unit>
        <Filename Value="forms\ulayoutreader.pas"/>
        <IsPartOfProject Value="True"/>
        <ComponentName Value="FLayoutReader"/>
        <HasResources Value="True"/>
        <ResourceBaseClass Value="Form"/>
      </Unit>
      <Unit>
        <Filename Value="forms\uclimanager.pas"/>
        <IsPartOfProject Value="True"/>
        <ComponentName Value="FCLIManager"/>
        <HasResources Value="True"/>
        <ResourceBaseClass Value="Form"/>
      </Unit>
      <Unit>
        <Filename Value="Commons\jupiterclicommand.pas"/>
        <IsPartOfProject Value="True"/>
      </Unit>
      <Unit>
        <Filename Value="forms\unewcommandcli.pas"/>
        <IsPartOfProject Value="True"/>
        <ComponentName Value="FNewCommandCli"/>
        <HasResources Value="True"/>
        <ResourceBaseClass Value="Form"/>
      </Unit>
      <Unit>
        <Filename Value="forms\utimecontrol.pas"/>
        <IsPartOfProject Value="True"/>
        <ComponentName Value="FTimeControl"/>
        <HasResources Value="True"/>
        <ResourceBaseClass Value="Form"/>
      </Unit>
      <Unit>
        <Filename Value="Commons\jupitertimecontroldataprovider.pas"/>
        <IsPartOfProject Value="True"/>
        <UnitName Value="jupiterTimeControlDataProvider"/>
      </Unit>
      <Unit>
        <Filename Value="forms\uuserpreferences.pas"/>
        <IsPartOfProject Value="True"/>
        <ComponentName Value="FUserPreferences"/>
        <HasResources Value="True"/>
        <ResourceBaseClass Value="Form"/>
      </Unit>
      <Unit>
        <Filename Value="Commons\jupiterformaction.pas"/>
        <IsPartOfProject Value="True"/>
      </Unit>
      <Unit>
        <Filename Value="data\udm.pas"/>
        <IsPartOfProject Value="True"/>
        <ComponentName Value="DMMain"/>
        <HasResources Value="True"/>
        <ResourceBaseClass Value="DataModule"/>
      </Unit>
      <Unit>
        <Filename Value="Modules\jupiterdatabase.pas"/>
        <IsPartOfProject Value="True"/>
      </Unit>
      <Unit>
        <Filename Value="forms\usqleditor.pas"/>
        <IsPartOfProject Value="True"/>
        <ComponentName Value="FSQLEditor"/>
        <HasResources Value="True"/>
        <ResourceBaseClass Value="Form"/>
        <UnitName Value="usqlEditor"/>
      </Unit>
      <Unit>
        <Filename Value="forms\umenuselector.pas"/>
        <IsPartOfProject Value="True"/>
        <ComponentName Value="FMenuSelector"/>
        <HasResources Value="True"/>
        <ResourceBaseClass Value="Form"/>
      </Unit>
      <Unit>
        <Filename Value="forms\uwebexplorer.pas"/>
        <IsPartOfProject Value="True"/>
        <ComponentName Value="FWebExplorer"/>
        <HasResources Value="True"/>
        <ResourceBaseClass Value="Form"/>
      </Unit>
      <Unit>
        <Filename Value="Commons\jupiterexternaldatasets.pas"/>
        <IsPartOfProject Value="True"/>
      </Unit>
      <Unit>
        <Filename Value="Commons\jupiterlayoutvalidator.pas"/>
        <IsPartOfProject Value="True"/>
      </Unit>
    </Units>
  </ProjectOptions>
  <CompilerOptions>
    <Version Value="11"/>
    <PathDelim Value="\"/>
    <Target>
      <Filename Value=".\out\jupiter"/>
    </Target>
    <SearchPaths>
      <IncludeFiles Value="$(ProjOutDir)"/>
      <OtherUnitFiles Value="Forms;Commons;Modules;data"/>
      <UnitOutputDirectory Value="lib\$(TargetCPU)-$(TargetOS)"/>
    </SearchPaths>
    <Linking>
      <Debugging>
        <GenerateDebugInfo Value="False"/>
        <DebugInfoType Value="dsDwarf2Set"/>
      </Debugging>
      <Options>
        <Win32>
          <GraphicApplication Value="True"/>
        </Win32>
      </Options>
    </Linking>
  </CompilerOptions>
  <Debugging>
    <Exceptions>
      <Item>
        <Name Value="EAbort"/>
      </Item>
      <Item>
        <Name Value="ECodetoolError"/>
      </Item>
      <Item>
        <Name Value="EFOpenError"/>
      </Item>
      <Item>
        <Name Value="Exception"/>
      </Item>
    </Exceptions>
  </Debugging>
</CONFIG>
