<?xml version="1.0" encoding="UTF-8"?>
<CONFIG>
  <ProjectOptions>
    <Version Value="12"/>
    <PathDelim Value="\"/>
    <General>
      <Flags>
        <MainUnitHasCreateFormStatements Value="False"/>
        <MainUnitHasTitleStatement Value="False"/>
        <MainUnitHasScaledStatement Value="False"/>
      </Flags>
      <SessionStorage Value="InProjectDir"/>
      <Title Value="Europa"/>
      <UseAppBundle Value="False"/>
      <ResourceType Value="res"/>
      <UseXPManifest Value="True"/>
      <XPManifest>
        <ExecutionLevel Value="requireAdministrator"/>
      </XPManifest>
      <Icon Value="0"/>
    </General>
    <VersionInfo>
      <UseVersionInfo Value="True"/>
      <MajorVersionNr Value="1"/>
      <BuildNr Value="11"/>
      <Language Value="0416"/>
    </VersionInfo>
    <BuildModes>
      <Item Name="Default" Default="True"/>
    </BuildModes>
    <PublishOptions>
      <Version Value="2"/>
      <UseFileFilters Value="True"/>
    </PublishOptions>
    <RunParams>
      <FormatVersion Value="2"/>
    </RunParams>
    <RequiredPackages>
      <Item>
        <PackageName Value="pascalscript"/>
      </Item>
    </RequiredPackages>
    <Units>
      <Unit>
        <Filename Value="europa.lpr"/>
        <IsPartOfProject Value="True"/>
      </Unit>
      <Unit>
        <Filename Value="..\Commons\jupiterconsts.pas"/>
        <IsPartOfProject Value="True"/>
        <UnitName Value="JupiterConsts"/>
      </Unit>
      <Unit>
        <Filename Value="..\Commons\jupiterobject.pas"/>
        <IsPartOfProject Value="True"/>
        <UnitName Value="JupiterObject"/>
      </Unit>
      <Unit>
        <Filename Value="..\Commons\jupitervariable.pas"/>
        <IsPartOfProject Value="True"/>
        <UnitName Value="JupiterVariable"/>
      </Unit>
      <Unit>
        <Filename Value="..\Commons\jupiterapp.pas"/>
        <IsPartOfProject Value="True"/>
        <UnitName Value="JupiterApp"/>
      </Unit>
      <Unit>
        <Filename Value="..\Commons\jupiterrunnable.pas"/>
        <IsPartOfProject Value="True"/>
        <UnitName Value="JupiterRunnable"/>
      </Unit>
      <Unit>
        <Filename Value="..\Commons\jupiterscript.pas"/>
        <IsPartOfProject Value="True"/>
        <UnitName Value="jupiterScript"/>
      </Unit>
      <Unit>
        <Filename Value="..\Commons\jupiteraction.pas"/>
        <IsPartOfProject Value="True"/>
        <UnitName Value="JupiterAction"/>
      </Unit>
      <Unit>
        <Filename Value="..\Commons\jupiterenviroment.pas"/>
        <IsPartOfProject Value="True"/>
        <UnitName Value="JupiterEnviroment"/>
      </Unit>
      <Unit>
        <Filename Value="..\Commons\jupiterfiledataprovider.pas"/>
        <IsPartOfProject Value="True"/>
        <UnitName Value="JupiterFileDataProvider"/>
      </Unit>
      <Unit>
        <Filename Value="..\Commons\jupiterclicommand.pas"/>
        <IsPartOfProject Value="True"/>
      </Unit>
      <Unit>
        <Filename Value="..\Commons\jupiterscriptfunctions.pas"/>
        <IsPartOfProject Value="True"/>
        <UnitName Value="jupiterScriptFunctions"/>
      </Unit>
      <Unit>
        <Filename Value="..\Modules\jupiterclimodule.pas"/>
        <IsPartOfProject Value="True"/>
      </Unit>
      <Unit>
        <Filename Value="..\Modules\jupitergeneratormodule.pas"/>
        <IsPartOfProject Value="True"/>
        <UnitName Value="JupiterGeneratorModule"/>
      </Unit>
      <Unit>
        <Filename Value="..\Modules\jupiterstandardmodule.pas"/>
        <IsPartOfProject Value="True"/>
        <UnitName Value="JupiterStandardModule"/>
      </Unit>
      <Unit>
        <Filename Value="..\Modules\jupitertoolsmodule.pas"/>
        <IsPartOfProject Value="True"/>
        <UnitName Value="JupiterToolsModule"/>
      </Unit>
    </Units>
  </ProjectOptions>
  <CompilerOptions>
    <Version Value="11"/>
    <PathDelim Value="\"/>
    <Target>
      <Filename Value="..\out\europa"/>
    </Target>
    <SearchPaths>
      <IncludeFiles Value="$(ProjOutDir)"/>
      <OtherUnitFiles Value="..\Commons;..\Modules"/>
      <UnitOutputDirectory Value="lib\$(TargetCPU)-$(TargetOS)"/>
    </SearchPaths>
    <Linking>
      <Debugging>
        <GenerateDebugInfo Value="False"/>
        <DebugInfoType Value="dsDwarf2Set"/>
      </Debugging>
    </Linking>
    <Other>
      <CustomOptions Value="-dJUPITERCLI"/>
    </Other>
  </CompilerOptions>
  <Debugging>
    <Exceptions>
      <Item>
        <Name Value="EAbort"/>
      </Item>
      <Item>
        <Name Value="ECodetoolError"/>
      </Item>
      <Item>
        <Name Value="EFOpenError"/>
      </Item>
    </Exceptions>
  </Debugging>
</CONFIG>
