<?xml version="1.0" encoding="UTF-8"?>
<CONFIG>
  <ProjectOptions>
    <Version Value="12"/>
    <General>
      <SessionStorage Value="InProjectDir"/>
      <Title Value="jupiter"/>
      <Scaled Value="True"/>
      <ResourceType Value="res"/>
      <UseXPManifest Value="True"/>
      <XPManifest>
        <DpiAware Value="True"/>
      </XPManifest>
      <Icon Value="0"/>
    </General>
    <BuildModes>
      <Item Name="Default" Default="True"/>
    </BuildModes>
    <PublishOptions>
      <Version Value="2"/>
      <UseFileFilters Value="True"/>
    </PublishOptions>
    <RunParams>
      <FormatVersion Value="2"/>
    </RunParams>
    <RequiredPackages>
      <Item>
        <PackageName Value="SynEditDsgn"/>
      </Item>
      <Item>
        <PackageName Value="SynEdit"/>
      </Item>
      <Item>
        <PackageName Value="DateTimeCtrlsDsgn"/>
      </Item>
      <Item>
        <PackageName Value="DateTimeCtrls"/>
      </Item>
      <Item>
        <PackageName Value="pascalscriptfcl"/>
      </Item>
      <Item>
        <PackageName Value="pascalscript"/>
      </Item>
      <Item>
        <PackageName Value="FCL"/>
      </Item>
      <Item>
        <PackageName Value="SQLDBLaz"/>
      </Item>
      <Item>
        <PackageName Value="jupiterCommom"/>
      </Item>
      <Item>
        <PackageName Value="LCL"/>
      </Item>
    </RequiredPackages>
    <Units>
      <Unit>
        <Filename Value="jupiter.lpr"/>
        <IsPartOfProject Value="True"/>
      </Unit>
      <Unit>
        <Filename Value="../forms/ujupiterform.pas"/>
        <IsPartOfProject Value="True"/>
        <ComponentName Value="FJupiterForm"/>
        <HasResources Value="True"/>
        <ResourceBaseClass Value="Form"/>
        <UnitName Value="uJupiterForm"/>
      </Unit>
      <Unit>
        <Filename Value="forms/umain.pas"/>
        <IsPartOfProject Value="True"/>
        <ComponentName Value="FMain"/>
        <HasResources Value="True"/>
        <ResourceBaseClass Value="Form"/>
        <UnitName Value="uMain"/>
      </Unit>
      <Unit>
        <Filename Value="../commons/jupiterobject.pas"/>
        <IsPartOfProject Value="True"/>
        <UnitName Value="JupiterObject"/>
      </Unit>
      <Unit>
        <Filename Value="../commons/jupiterconsts.pas"/>
        <IsPartOfProject Value="True"/>
        <UnitName Value="JupiterConsts"/>
      </Unit>
      <Unit>
        <Filename Value="../commons/jupitervariable.pas"/>
        <IsPartOfProject Value="True"/>
        <UnitName Value="JupiterVariable"/>
      </Unit>
      <Unit>
        <Filename Value="../commons/jupiterenviroment.pas"/>
        <IsPartOfProject Value="True"/>
        <UnitName Value="JupiterEnviroment"/>
      </Unit>
      <Unit>
        <Filename Value="../commons/jupitercsvdataprovider.pas"/>
        <IsPartOfProject Value="True"/>
        <UnitName Value="JupiterCSVDataProvider"/>
      </Unit>
      <Unit>
        <Filename Value="udmmain.pas"/>
        <IsPartOfProject Value="True"/>
        <ComponentName Value="DMMain"/>
        <HasResources Value="True"/>
        <ResourceBaseClass Value="DataModule"/>
        <UnitName Value="uDmMain"/>
      </Unit>
      <Unit>
        <Filename Value="../commons/jupitermodule.pas"/>
        <IsPartOfProject Value="True"/>
        <UnitName Value="JupiterModule"/>
      </Unit>
      <Unit>
        <Filename Value="../commons/jupiterapp.pas"/>
        <IsPartOfProject Value="True"/>
        <UnitName Value="JupiterApp"/>
      </Unit>
      <Unit>
        <Filename Value="../commons/jupiterdatabasewizard.pas"/>
        <IsPartOfProject Value="True"/>
        <UnitName Value="jupiterDatabaseWizard"/>
      </Unit>
      <Unit>
        <Filename Value="../modules/jupiterstandard.pas"/>
        <IsPartOfProject Value="True"/>
        <UnitName Value="jupiterStandard"/>
      </Unit>
      <Unit>
        <Filename Value="../commons/jupiterformutils.pas"/>
        <IsPartOfProject Value="True"/>
      </Unit>
      <Unit>
        <Filename Value="../commons/jupitermainmenugenerator.pas"/>
        <IsPartOfProject Value="True"/>
        <UnitName Value="jupiterMainMenuGenerator"/>
      </Unit>
      <Unit>
        <Filename Value="modules/ujupiteruserexperience.pas"/>
        <IsPartOfProject Value="True"/>
        <UnitName Value="uJupiterUserExperience"/>
      </Unit>
      <Unit>
        <Filename Value="forms/uconfig.pas"/>
        <IsPartOfProject Value="True"/>
        <ComponentName Value="FConfig"/>
        <HasResources Value="True"/>
        <ResourceBaseClass Value="Form"/>
        <UnitName Value="uConfig"/>
      </Unit>
      <Unit>
        <Filename Value="../commons/jupiterroute.pas"/>
        <IsPartOfProject Value="True"/>
        <UnitName Value="JupiterRoute"/>
      </Unit>
      <Unit>
        <Filename Value="../commons/jupiterscript.pas"/>
        <IsPartOfProject Value="True"/>
        <UnitName Value="jupiterScript"/>
      </Unit>
      <Unit>
        <Filename Value="modules/ujupitergenerator.pas"/>
        <IsPartOfProject Value="True"/>
        <UnitName Value="uJupiterGenerator"/>
      </Unit>
      <Unit>
        <Filename Value="commons/jupiterdesktopapp.pas"/>
        <IsPartOfProject Value="True"/>
        <UnitName Value="jupiterDesktopApp"/>
      </Unit>
      <Unit>
        <Filename Value="../scripts/ujupiterappscript.pas"/>
        <IsPartOfProject Value="True"/>
        <UnitName Value="uJupiterAppScript"/>
      </Unit>
      <Unit>
        <Filename Value="scripts/ujupiterdesktopappscript.pas"/>
        <IsPartOfProject Value="True"/>
        <UnitName Value="uJupiterDesktopAppScript"/>
      </Unit>
      <Unit>
        <Filename Value="forms/unewtask.pas"/>
        <IsPartOfProject Value="True"/>
        <ComponentName Value="FNewTask"/>
        <HasResources Value="True"/>
        <ResourceBaseClass Value="Form"/>
        <UnitName Value="uNewTask"/>
      </Unit>
      <Unit>
        <Filename Value="forms/ugenerator.pas"/>
        <IsPartOfProject Value="True"/>
        <ComponentName Value="FGenerator"/>
        <HasResources Value="True"/>
        <ResourceBaseClass Value="Form"/>
        <UnitName Value="uGenerator"/>
      </Unit>
      <Unit>
        <Filename Value="commons/ujupiteraction.pas"/>
        <IsPartOfProject Value="True"/>
        <UnitName Value="uJupiterAction"/>
      </Unit>
      <Unit>
        <Filename Value="forms/ucustomdatabaseform.pas"/>
        <IsPartOfProject Value="True"/>
        <ComponentName Value="FCustomDatabaseForm"/>
        <HasResources Value="True"/>
        <ResourceBaseClass Value="Form"/>
        <UnitName Value="uCustomDatabaseForm"/>
      </Unit>
      <Unit>
        <Filename Value="commons/jupiterformcomponenttils.pas"/>
        <IsPartOfProject Value="True"/>
      </Unit>
      <Unit>
        <Filename Value="../commons/jupiterstringutils.pas"/>
        <IsPartOfProject Value="True"/>
        <UnitName Value="jupiterStringUtils"/>
      </Unit>
      <Unit>
        <Filename Value="../scripts/ujupiterdatabasescript.pas"/>
        <IsPartOfProject Value="True"/>
        <UnitName Value="uJupiterDatabaseScript"/>
      </Unit>
      <Unit>
        <Filename Value="../commons/jupitertreeviewmenugenerator.pas"/>
        <IsPartOfProject Value="True"/>
      </Unit>
      <Unit>
        <Filename Value="../modules/jupiterutilspas.pas"/>
        <IsPartOfProject Value="True"/>
      </Unit>
      <Unit>
        <Filename Value="forms/ucustomdatabasegrid.pas"/>
        <IsPartOfProject Value="True"/>
        <ComponentName Value="FCustomDatabaseGrid"/>
        <HasResources Value="True"/>
        <ResourceBaseClass Value="Form"/>
      </Unit>
      <Unit>
        <Filename Value="forms/uuserpreferences.pas"/>
        <IsPartOfProject Value="True"/>
        <ComponentName Value="FUserPreferences"/>
        <HasResources Value="True"/>
        <ResourceBaseClass Value="Form"/>
        <UnitName Value="uUserPreferences"/>
      </Unit>
      <Unit>
        <Filename Value="forms/uscripteditorform.pas"/>
        <IsPartOfProject Value="True"/>
        <ComponentName Value="FScriptEditorForm"/>
        <HasResources Value="True"/>
        <ResourceBaseClass Value="Form"/>
        <UnitName Value="uScriptEditorForm"/>
      </Unit>
    </Units>
  </ProjectOptions>
  <CompilerOptions>
    <Version Value="11"/>
    <Target>
      <Filename Value="out/jupiter"/>
    </Target>
    <SearchPaths>
      <IncludeFiles Value="$(ProjOutDir)"/>
      <OtherUnitFiles Value="../forms;forms;../commons;../modules;modules;commons;../scripts;scripts"/>
      <UnitOutputDirectory Value="lib/$(TargetCPU)-$(TargetOS)"/>
    </SearchPaths>
    <Linking>
      <Debugging>
        <DebugInfoType Value="dsDwarf3"/>
      </Debugging>
      <Options>
        <Win32>
          <GraphicApplication Value="True"/>
        </Win32>
      </Options>
    </Linking>
  </CompilerOptions>
  <Debugging>
    <Exceptions>
      <Item>
        <Name Value="EAbort"/>
      </Item>
      <Item>
        <Name Value="ECodetoolError"/>
      </Item>
      <Item>
        <Name Value="EFOpenError"/>
      </Item>
    </Exceptions>
  </Debugging>
</CONFIG>
